<?xml version="1.0" encoding="utf-8"?>
<Project ToolsVersion="4.0" xmlns="http://schemas.microsoft.com/developer/msbuild/2003">
  <ItemGroup>
    <Filter Include="Source Files">
      <UniqueIdentifier>{5722eb16-f4bf-4447-b6ac-be6760b8752f}</UniqueIdentifier>
      <Extensions>cpp;c;cxx;rc;def;r;odl;idl;hpj;bat</Extensions>
    </Filter>
    <Filter Include="Header Files">
      <UniqueIdentifier>{048c0968-6a97-4077-b4bf-1db589b00705}</UniqueIdentifier>
      <Extensions>h;hpp;hxx;hm;inl</Extensions>
    </Filter>
    <Filter Include="Resource Files">
      <UniqueIdentifier>{fe16ce99-2ac5-4900-9cd0-04c7beb7e3fc}</UniqueIdentifier>
      <Extensions>ico;cur;bmp;dlg;rc2;rct;bin;rgs;gif;jpg;jpeg;jpe</Extensions>
    </Filter>
  </ItemGroup>
  <ItemGroup>
    <ClCompile Include="src\asprintf.c">
      <Filter>Source Files</Filter>
    </ClCompile>
    <ClCompile Include="src\delta.c">
      <Filter>Source Files</Filter>
    </ClCompile>
    <ClCompile Include="src\file.c">
      <Filter>Source Files</Filter>
    </ClCompile>
    <ClCompile Include="src\flock.c">
      <Filter>Source Files</Filter>
    </ClCompile>
    <ClCompile Include="src\glob.c">
      <Filter>Source Files</Filter>
    </ClCompile>
    <ClCompile Include="src\libuci.c">
      <Filter>Source Files</Filter>
    </ClCompile>
    <ClCompile Include="src\parse.c">
      <Filter>Source Files</Filter>
    </ClCompile>
    <ClCompile Include="src\uci.c">
      <Filter>Source Files</Filter>
    </ClCompile>
    <ClCompile Include="src\util.c">
      <Filter>Source Files</Filter>
    </ClCompile>
  </ItemGroup>
  <ItemGroup>
    <None Include="uci\uci.def">
      <Filter>Source Files</Filter>
    </None>
  </ItemGroup>
  <ItemGroup>
    <ClInclude Include="uci\StdAfx.h">
      <Filter>Header Files</Filter>
    </ClInclude>
  </ItemGroup>
  <ItemGroup>
    <Text Include="uci\ReadMe.txt" />
  </ItemGroup>
</Project>